
Microsoft Visual Studio Solution File, Format Version 12.00
# Visual Studio Version 17
VisualStudioVersion = 17.9.34723.18
MinimumVisualStudioVersion = 10.0.40219.1
Project("{FAE04EC0-301F-11D3-BF4B-00C04F79EFBC}") = "tienda_linea", "tienda_linea\tienda_linea.csproj", "{AF4487D0-7435-4A7F-8502-67AEBE23DBA8}"
EndProject
Global
	GlobalSection(SolutionConfigurationPlatforms) = preSolution
		Debug|Any CPU = Debug|Any CPU
		Release|Any CPU = Release|Any CPU
	EndGlobalSection
	GlobalSection(ProjectConfigurationPlatforms) = postSolution
		{AF4487D0-7435-4A7F-8502-67AEBE23DBA8}.Debug|Any CPU.ActiveCfg = Debug|Any CPU
		{AF4487D0-7435-4A7F-8502-67AEBE23DBA8}.Debug|Any CPU.Build.0 = Debug|Any CPU
		{AF4487D0-7435-4A7F-8502-67AEBE23DBA8}.Release|Any CPU.ActiveCfg = Release|Any CPU
		{AF4487D0-7435-4A7F-8502-67AEBE23DBA8}.Release|Any CPU.Build.0 = Release|Any CPU
	EndGlobalSection
	GlobalSection(SolutionProperties) = preSolution
		HideSolutionNode = FALSE
	EndGlobalSection
	GlobalSection(ExtensibilityGlobals) = postSolution
		SolutionGuid = {828DAA45-343F-48FA-920E-ED7BDDFA379B}
	EndGlobalSection
EndGlobal
